# This file is automatically @generated by Poetry 1.7.0 and should not be changed by hand.

[[package]]
name = "uuid"
version = "1.30"
description = "UUID object and generation functions (Python 2.3 or higher)"
optional = false
python-versions = "*"
files = [
    {file = "uuid-1.30.tar.gz", hash = "sha256:1f87cc004ac5120466f36c5beae48b4c48cc411968eed0eaecd3da82aa96193f"},
]

[metadata]
lock-version = "2.0"
python-versions = "^3.9"
content-hash = "e7dad4f05d69931c0ddcebbf8aab9b779d4a4ea8bcfb36e9501c39819edef8b8"
